
Microsoft Visual Studio Solution File, Format Version 12.00
# Visual Studio Version 17
VisualStudioVersion = 17.13.35931.197
MinimumVisualStudioVersion = 10.0.40219.1
Project("{FAE04EC0-301F-11D3-BF4B-00C04F79EFBC}") = "net9购物网站", "net9购物网站\net9购物网站.csproj", "{28A537DD-204E-4DD2-AC49-70A8FE2F238E}"
EndProject
Global
	GlobalSection(SolutionConfigurationPlatforms) = preSolution
		Debug|Any CPU = Debug|Any CPU
		Release|Any CPU = Release|Any CPU
	EndGlobalSection
	GlobalSection(ProjectConfigurationPlatforms) = postSolution
		{28A537DD-204E-4DD2-AC49-70A8FE2F238E}.Debug|Any CPU.ActiveCfg = Debug|Any CPU
		{28A537DD-204E-4DD2-AC49-70A8FE2F238E}.Debug|Any CPU.Build.0 = Debug|Any CPU
		{28A537DD-204E-4DD2-AC49-70A8FE2F238E}.Release|Any CPU.ActiveCfg = Release|Any CPU
		{28A537DD-204E-4DD2-AC49-70A8FE2F238E}.Release|Any CPU.Build.0 = Release|Any CPU
	EndGlobalSection
	GlobalSection(SolutionProperties) = preSolution
		HideSolutionNode = FALSE
	EndGlobalSection
	GlobalSection(ExtensibilityGlobals) = postSolution
		SolutionGuid = {8555F3E5-BF62-4066-99A9-15EFC1590344}
	EndGlobalSection
EndGlobal
